{
  "name": "template",
  "lockfileVersion": 3,
  "requires": true,
  "packages": {
    "": {
      "dependencies": {
        "@json-spec/testcheck": "^0.1.10"
      }
    },
    "node_modules/@json-spec/testcheck": {
      "version": "0.1.10",
      "resolved": "https://registry.npmjs.org/@json-spec/testcheck/-/testcheck-0.1.10.tgz",
      "integrity": "sha512-37Wu8RwZemMkXBFKJRCbh9B9msLtHeEMJHn8mdmGyAjqETfj9nWt4BhD3p9/9FX8kdLsjhgAjkdSanAcfaW29w==",
      "dependencies": {
        "drange": "^2.0.1",
        "n64": "^0.2.10",
        "ret": "^0.4.0"
      }
    },
    "node_modules/drange": {
      "version": "2.0.1",
      "resolved": "https://registry.npmjs.org/drange/-/drange-2.0.1.tgz",
      "integrity": "sha512-s/Gs2VG0zdUXxWz4cK3vcwniF914RKWLNYY6YAVTTLo2HjqsynfUzUcSvNFEdktQXKDbJMKF9wmg67Rv32VhEQ==",
      "engines": {
        "node": ">=6"
      }
    },
    "node_modules/n64": {
      "version": "0.2.10",
      "resolved": "https://registry.npmjs.org/n64/-/n64-0.2.10.tgz",
      "integrity": "sha512-uH9geV4+roR1tohsrrqSOLCJ9Mh1iFcDI+9vUuydDlDxUS1UCAWUfuGb06p3dj3flzywquJNrGsQ7lHP8+4RVQ==",
      "engines": {
        "node": ">=2.0.0"
      }
    },
    "node_modules/ret": {
      "version": "0.4.3",
      "resolved": "https://registry.npmjs.org/ret/-/ret-0.4.3.tgz",
      "integrity": "sha512-0f4Memo5QP7WQyUEAYUO3esD/XjOc3Zjjg5CPsAq1p8sIu0XPeMbHJemKA0BO7tV0X7+A0FoEpbmHXWxPyD3wQ==",
      "engines": {
        "node": ">=10"
      }
    }
  }
}
